
Microsoft Visual Studio Solution File, Format Version 12.00
# Visual Studio 15
VisualStudioVersion = 15.0.27004.2008
MinimumVisualStudioVersion = 10.0.40219.1
Project("{FAE04EC0-301F-11D3-BF4B-00C04F79EFBC}") = "FifteenPuzzle", "FifteenPuzzle\FifteenPuzzle.csproj", "{554A479B-1178-474C-A096-F4645AD95EB8}"
EndProject
Global
	GlobalSection(SolutionConfigurationPlatforms) = preSolution
		Debug|Any CPU = Debug|Any CPU
		Release|Any CPU = Release|Any CPU
	EndGlobalSection
	GlobalSection(ProjectConfigurationPlatforms) = postSolution
		{554A479B-1178-474C-A096-F4645AD95EB8}.Debug|Any CPU.ActiveCfg = Debug|Any CPU
		{554A479B-1178-474C-A096-F4645AD95EB8}.Debug|Any CPU.Build.0 = Debug|Any CPU
		{554A479B-1178-474C-A096-F4645AD95EB8}.Release|Any CPU.ActiveCfg = Release|Any CPU
		{554A479B-1178-474C-A096-F4645AD95EB8}.Release|Any CPU.Build.0 = Release|Any CPU
	EndGlobalSection
	GlobalSection(SolutionProperties) = preSolution
		HideSolutionNode = FALSE
	EndGlobalSection
	GlobalSection(ExtensibilityGlobals) = postSolution
		SolutionGuid = {B2B8EAC7-90B1-4059-A2E7-443971DBCF59}
	EndGlobalSection
EndGlobal
